Microsoft Visual Studio Solution File, Format Version 12.00
# Visual Studio Version 17
VisualStudioVersion = 17.5.2.0
MinimumVisualStudioVersion = 10.0.40219.1
Project("{FAE04EC0-301F-11D3-BF4B-00C04F79EFBC}") = "ContosoMcpServer", "src\ContosoMcpServer\ContosoMcpServer.csproj", "{84A97829-B36A-BC62-5A15-5A329A54E171}"
EndProject
Global
	GlobalSection(SolutionConfigurationPlatforms) = preSolution
		Debug|Any CPU = Debug|Any CPU
		Release|Any CPU = Release|Any CPU
	EndGlobalSection
	GlobalSection(ProjectConfigurationPlatforms) = postSolution
		{84A97829-B36A-BC62-5A15-5A329A54E171}.Debug|Any CPU.ActiveCfg = Debug|Any CPU
		{84A97829-B36A-BC62-5A15-5A329A54E171}.Debug|Any CPU.Build.0 = Debug|Any CPU
		{84A97829-B36A-BC62-5A15-5A329A54E171}.Release|Any CPU.ActiveCfg = Release|Any CPU
		{84A97829-B36A-BC62-5A15-5A329A54E171}.Release|Any CPU.Build.0 = Release|Any CPU
	EndGlobalSection
	GlobalSection(SolutionProperties) = preSolution
		HideSolutionNode = FALSE
	EndGlobalSection
	GlobalSection(ExtensibilityGlobals) = postSolution
		SolutionGuid = {4C1833EC-66AC-47F3-AAA0-303E159F4E46}
	EndGlobalSection
EndGlobal
